# THIS IS AN AUTOGENERATED FILE. DO NOT EDIT THIS FILE DIRECTLY.
# yarn lockfile v1


platformsh-config@^2.4.1:
  version "2.4.1"
  resolved "https://registry.yarnpkg.com/platformsh-config/-/platformsh-config-2.4.1.tgz#c81396b4030f2ba34f42823b30ebbc26ec62506a"
  integrity sha512-7uiWcjhP0Q7/MDBpdcaZG5X4lCMXcU1va9h4yJZyAAtMpHZoogd/C/+5ucc94z3W40FJwf07MO5p15ZrGzDfQA==
